
Microsoft Visual Studio Solution File, Format Version 12.00
Project("{FAE04EC0-301F-11D3-BF4B-00C04F79EFBC}") = "PokemonSpritesDump", "PokemonSpritesDump\PokemonSpritesDump.csproj", "{8DBB53A3-98D2-4547-AF1C-D242059670D3}"
EndProject
Project("{2A2DE83D-4979-409C-A5EC-C6C5A7D9D527}") = "SpriteDownloader", "SpriteDownloader\SpriteDownloader.csproj", "{506DCC52-83EE-403D-873E-5036CE01BCFF}"
EndProject
Global
	GlobalSection(SolutionConfigurationPlatforms) = preSolution
		Debug|Any CPU = Debug|Any CPU
		Release|Any CPU = Release|Any CPU
	EndGlobalSection
	GlobalSection(ProjectConfigurationPlatforms) = postSolution
		{8DBB53A3-98D2-4547-AF1C-D242059670D3}.Debug|Any CPU.ActiveCfg = Debug|Any CPU
		{8DBB53A3-98D2-4547-AF1C-D242059670D3}.Debug|Any CPU.Build.0 = Debug|Any CPU
		{8DBB53A3-98D2-4547-AF1C-D242059670D3}.Release|Any CPU.ActiveCfg = Release|Any CPU
		{8DBB53A3-98D2-4547-AF1C-D242059670D3}.Release|Any CPU.Build.0 = Release|Any CPU
		{506DCC52-83EE-403D-873E-5036CE01BCFF}.Debug|Any CPU.ActiveCfg = Debug|Any CPU
		{506DCC52-83EE-403D-873E-5036CE01BCFF}.Debug|Any CPU.Build.0 = Debug|Any CPU
		{506DCC52-83EE-403D-873E-5036CE01BCFF}.Release|Any CPU.ActiveCfg = Release|Any CPU
		{506DCC52-83EE-403D-873E-5036CE01BCFF}.Release|Any CPU.Build.0 = Release|Any CPU
	EndGlobalSection
EndGlobal
